# THIS IS AN AUTOGENERATED FILE. DO NOT EDIT THIS FILE DIRECTLY.
# yarn lockfile v1


purescript-console@purerl/purescript-console#master:
  version ""
  resolved "https://codeload.github.com/purerl/purescript-console/tar.gz/88a31495056226f84ac43a1283f20abd5c7dd2f2"

purescript-eff@purescript/purescript-eff#^3.0.0:
  version ""
  resolved "https://codeload.github.com/purescript/purescript-eff/tar.gz/06d02be3a92c1e60f665573aff9dbf23b6587cd1"

purescript-erl-process@purerl/purescript-erl-process#master:
  version "0.0.0"
  resolved "https://codeload.github.com/purerl/purescript-erl-process/tar.gz/05fe7261a6fd70f68c1fac8aead0f07275592368"

purescript-prelude@purescript/purescript-prelude#^3.0.0:
  version ""
  resolved "https://codeload.github.com/purescript/purescript-prelude/tar.gz/8bf3ca6a65ad8728df83c63876ca2c3157291ad7"
